
Microsoft Visual Studio Solution File, Format Version 12.00
# Visual Studio 15
Project("{FAE04EC0-301F-11D3-BF4B-00C04F79EFBC}") = "TestScript", "TestScript.csproj", "{6FF0AC87-2B50-484A-8C3E-E8342CD3A71D}"
EndProject
Project("{FAE04EC0-301F-11D3-BF4B-00C04F79EFBC}") = "Tests", "Tests.csproj", "{F6D56928-4807-CDB0-8992-B03BFC1AA18A}"
EndProject
Global
	GlobalSection(SolutionConfigurationPlatforms) = preSolution
		Debug|Any CPU = Debug|Any CPU
		Release|Any CPU = Release|Any CPU
	EndGlobalSection
	GlobalSection(ProjectConfigurationPlatforms) = postSolution
		{6FF0AC87-2B50-484A-8C3E-E8342CD3A71D}.Debug|Any CPU.ActiveCfg = Debug|Any CPU
		{6FF0AC87-2B50-484A-8C3E-E8342CD3A71D}.Debug|Any CPU.Build.0 = Debug|Any CPU
		{6FF0AC87-2B50-484A-8C3E-E8342CD3A71D}.Release|Any CPU.ActiveCfg = Release|Any CPU
		{6FF0AC87-2B50-484A-8C3E-E8342CD3A71D}.Release|Any CPU.Build.0 = Release|Any CPU
		{F6D56928-4807-CDB0-8992-B03BFC1AA18A}.Debug|Any CPU.ActiveCfg = Debug|Any CPU
		{F6D56928-4807-CDB0-8992-B03BFC1AA18A}.Debug|Any CPU.Build.0 = Debug|Any CPU
		{F6D56928-4807-CDB0-8992-B03BFC1AA18A}.Release|Any CPU.ActiveCfg = Release|Any CPU
		{F6D56928-4807-CDB0-8992-B03BFC1AA18A}.Release|Any CPU.Build.0 = Release|Any CPU
	EndGlobalSection
	GlobalSection(SolutionProperties) = preSolution
		HideSolutionNode = FALSE
	EndGlobalSection
EndGlobal
